// !$*UTF8*$!
{
	archiveVersion = 1;
	classes = {
	};
	objectVersion = 77;
	objects = {

/* Begin PBXContainerItemProxy section */
		C81509462D40CF73009F5603 /* PBXContainerItemProxy */ = {
			isa = PBXContainerItemProxy;
			containerPortal = C815092D2D40CF72009F5603 /* Project object */;
			proxyType = 1;
			remoteGlobalIDString = C81509342D40CF72009F5603;
			remoteInfo = AI_Camera;
		};
		C81509502D40CF73009F5603 /* PBXContainerItemProxy */ = {
			isa = PBXContainerItemProxy;
			containerPortal = C815092D2D40CF72009F5603 /* Project object */;
			proxyType = 1;
			remoteGlobalIDString = C81509342D40CF72009F5603;
			remoteInfo = AI_Camera;
		};
/* End PBXContainerItemProxy section */

/* Begin PBXFileReference section */
		C81509352D40CF72009F5603 /* AI_Camera.app */ = {isa = PBXFileReference; explicitFileType = wrapper.application; includeInIndex = 0; path = AI_Camera.app; sourceTree = BUILT_PRODUCTS_DIR; };
		C81509452D40CF73009F5603 /* AI_CameraTests.xctest */ = {isa = PBXFileReference; explicitFileType = wrapper.cfbundle; includeInIndex = 0; path = AI_CameraTests.xctest; sourceTree = BUILT_PRODUCTS_DIR; };
		C815094F2D40CF73009F5603 /* AI_CameraUITests.xctest */ = {isa = PBXFileReference; explicitFileType = wrapper.cfbundle; includeInIndex = 0; path = AI_CameraUITests.xctest; sourceTree = BUILT_PRODUCTS_DIR; };
/* End PBXFileReference section */

/* Begin PBXFileSystemSynchronizedRootGroup section */
		C81509372D40CF72009F5603 /* AI_Camera */ = {
			isa = PBXFileSystemSynchronizedRootGroup;
			path = AI_Camera;
			sourceTree = "<group>";
		};
		C81509482D40CF73009F5603 /* AI_CameraTests */ = {
			isa = PBXFileSystemSynchronizedRootGroup;
			path = AI_CameraTests;
			sourceTree = "<group>";
		};
		C81509522D40CF73009F5603 /* AI_CameraUITests */ = {
			isa = PBXFileSystemSynchronizedRootGroup;
			path = AI_CameraUITests;
			sourceTree = "<group>";
		};
/* End PBXFileSystemSynchronizedRootGroup section */

/* Begin PBXFrameworksBuildPhase section */
		C81509322D40CF72009F5603 /* Frameworks */ = {
			isa = PBXFrameworksBuildPhase;
			buildActionMask = 2147483647;
			files = (
			);
			runOnlyForDeploymentPostprocessing = 0;
		};
		C81509422D40CF73009F5603 /* Frameworks */ = {
			isa = PBXFrameworksBuildPhase;
			buildActionMask = 2147483647;
			files = (
			);
			runOnlyForDeploymentPostprocessing = 0;
		};
		C815094C2D40CF73009F5603 /* Frameworks */ = {
			isa = PBXFrameworksBuildPhase;
			buildActionMask = 2147483647;
			files = (
			);
			runOnlyForDeploymentPostprocessing = 0;
		};
/* End PBXFrameworksBuildPhase section */

/* Begin PBXGroup section */
		C815092C2D40CF72009F5603 = {
			isa = PBXGroup;
			children = (
				C81509372D40CF72009F5603 /* AI_Camera */,
				C81509482D40CF73009F5603 /* AI_CameraTests */,
				C81509522D40CF73009F5603 /* AI_CameraUITests */,
				C81509362D40CF72009F5603 /* Products */,
			);
			sourceTree = "<group>";
		};
		C81509362D40CF72009F5603 /* Products */ = {
			isa = PBXGroup;
			children = (
				C81509352D40CF72009F5603 /* AI_Camera.app */,
				C81509452D40CF73009F5603 /* AI_CameraTests.xctest */,
				C815094F2D40CF73009F5603 /* AI_CameraUITests.xctest */,
			);
			name = Products;
			sourceTree = "<group>";
		};
/* End PBXGroup section */

/* Begin PBXNativeTarget section */
		C81509342D40CF72009F5603 /* AI_Camera */ = {
			isa = PBXNativeTarget;
			buildConfigurationList = C81509592D40CF73009F5603 /* Build configuration list for PBXNativeTarget "AI_Camera" */;
			buildPhases = (
				C81509312D40CF72009F5603 /* Sources */,
				C81509322D40CF72009F5603 /* Frameworks */,
				C81509332D40CF72009F5603 /* Resources */,
			);
			buildRules = (
			);
			dependencies = (
			);
			fileSystemSynchronizedGroups = (
				C81509372D40CF72009F5603 /* AI_Camera */,
			);
			name = AI_Camera;
			packageProductDependencies = (
			);
			productName = AI_Camera;
			productReference = C81509352D40CF72009F5603 /* AI_Camera.app */;
			productType = "com.apple.product-type.application";
		};
		C81509442D40CF73009F5603 /* AI_CameraTests */ = {
			isa = PBXNativeTarget;
			buildConfigurationList = C815095C2D40CF73009F5603 /* Build configuration list for PBXNativeTarget "AI_CameraTests" */;
			buildPhases = (
				C81509412D40CF73009F5603 /* Sources */,
				C81509422D40CF73009F5603 /* Frameworks */,
				C81509432D40CF73009F5603 /* Resources */,
			);
			buildRules = (
			);
			dependencies = (
				C81509472D40CF73009F5603 /* PBXTargetDependency */,
			);
			fileSystemSynchronizedGroups = (
				C81509482D40CF73009F5603 /* AI_CameraTests */,
			);
			name = AI_CameraTests;
			packageProductDependencies = (
			);
			productName = AI_CameraTests;
			productReference = C81509452D40CF73009F5603 /* AI_CameraTests.xctest */;
			productType = "com.apple.product-type.bundle.unit-test";
		};
		C815094E2D40CF73009F5603 /* AI_CameraUITests */ = {
			isa = PBXNativeTarget;
			buildConfigurationList = C815095F2D40CF73009F5603 /* Build configuration list for PBXNativeTarget "AI_CameraUITests" */;
			buildPhases = (
				C815094B2D40CF73009F5603 /* Sources */,
				C815094C2D40CF73009F5603 /* Frameworks */,
				C815094D2D40CF73009F5603 /* Resources */,
			);
			buildRules = (
			);
			dependencies = (
				C81509512D40CF73009F5603 /* PBXTargetDependency */,
			);
			fileSystemSynchronizedGroups = (
				C81509522D40CF73009F5603 /* AI_CameraUITests */,
			);
			name = AI_CameraUITests;
			packageProductDependencies = (
			);
			productName = AI_CameraUITests;
			productReference = C815094F2D40CF73009F5603 /* AI_CameraUITests.xctest */;
			productType = "com.apple.product-type.bundle.ui-testing";
		};
/* End PBXNativeTarget section */

/* Begin PBXProject section */
		C815092D2D40CF72009F5603 /* Project object */ = {
			isa = PBXProject;
			attributes = {
				BuildIndependentTargetsInParallel = 1;
				LastSwiftUpdateCheck = 1620;
				LastUpgradeCheck = 1620;
				TargetAttributes = {
					C81509342D40CF72009F5603 = {
						CreatedOnToolsVersion = 16.2;
					};
					C81509442D40CF73009F5603 = {
						CreatedOnToolsVersion = 16.2;
						TestTargetID = C81509342D40CF72009F5603;
					};
					C815094E2D40CF73009F5603 = {
						CreatedOnToolsVersion = 16.2;
						TestTargetID = C81509342D40CF72009F5603;
					};
				};
			};
			buildConfigurationList = C81509302D40CF72009F5603 /* Build configuration list for PBXProject "AI_Camera" */;
			developmentRegion = en;
			hasScannedForEncodings = 0;
			knownRegions = (
				en,
				Base,
			);
			mainGroup = C815092C2D40CF72009F5603;
			minimizedProjectReferenceProxies = 1;
			preferredProjectObjectVersion = 77;
			productRefGroup = C81509362D40CF72009F5603 /* Products */;
			projectDirPath = "";
			projectRoot = "";
			targets = (
				C81509342D40CF72009F5603 /* AI_Camera */,
				C81509442D40CF73009F5603 /* AI_CameraTests */,
				C815094E2D40CF73009F5603 /* AI_CameraUITests */,
			);
		};
/* End PBXProject section */

/* Begin PBXResourcesBuildPhase section */
		C81509332D40CF72009F5603 /* Resources */ = {
			isa = PBXResourcesBuildPhase;
			buildActionMask = 2147483647;
			files = (
			);
			runOnlyForDeploymentPostprocessing = 0;
		};
		C81509432D40CF73009F5603 /* Resources */ = {
			isa = PBXResourcesBuildPhase;
			buildActionMask = 2147483647;
			files = (
			);
			runOnlyForDeploymentPostprocessing = 0;
		};
		C815094D2D40CF73009F5603 /* Resources */ = {
			isa = PBXResourcesBuildPhase;
			buildActionMask = 2147483647;
			files = (
			);
			runOnlyForDeploymentPostprocessing = 0;
		};
/* End PBXResourcesBuildPhase section */

/* Begin PBXSourcesBuildPhase section */
		C81509312D40CF72009F5603 /* Sources */ = {
			isa = PBXSourcesBuildPhase;
			buildActionMask = 2147483647;
			files = (
			);
			runOnlyForDeploymentPostprocessing = 0;
		};
		C81509412D40CF73009F5603 /* Sources */ = {
			isa = PBXSourcesBuildPhase;
			buildActionMask = 2147483647;
			files = (
			);
			runOnlyForDeploymentPostprocessing = 0;
		};
		C815094B2D40CF73009F5603 /* Sources */ = {
			isa = PBXSourcesBuildPhase;
			buildActionMask = 2147483647;
			files = (
			);
			runOnlyForDeploymentPostprocessing = 0;
		};
/* End PBXSourcesBuildPhase section */

/* Begin PBXTargetDependency section */
		C81509472D40CF73009F5603 /* PBXTargetDependency */ = {
			isa = PBXTargetDependency;
			target = C81509342D40CF72009F5603 /* AI_Camera */;
			targetProxy = C81509462D40CF73009F5603 /* PBXContainerItemProxy */;
		};
		C81509512D40CF73009F5603 /* PBXTargetDependency */ = {
			isa = PBXTargetDependency;
			target = C81509342D40CF72009F5603 /* AI_Camera */;
			targetProxy = C81509502D40CF73009F5603 /* PBXContainerItemProxy */;
		};
/* End PBXTargetDependency section */

/* Begin XCBuildConfiguration section */
		C81509572D40CF73009F5603 /* Debug */ = {
			isa = XCBuildConfiguration;
			buildSettings = {
				ALWAYS_SEARCH_USER_PATHS = NO;
				ASSETCATALOG_COMPILER_GENERATE_SWIFT_ASSET_SYMBOL_EXTENSIONS = YES;
				CLANG_ANALYZER_NONNULL = YES;
				CLANG_ANALYZER_NUMBER_OBJECT_CONVERSION = YES_AGGRESSIVE;
				CLANG_CXX_LANGUAGE_STANDARD = "gnu++20";
				CLANG_ENABLE_MODULES = YES;
				CLANG_ENABLE_OBJC_ARC = YES;
				CLANG_ENABLE_OBJC_WEAK = YES;
				CLANG_WARN_BLOCK_CAPTURE_AUTORELEASING = YES;
				CLANG_WARN_BOOL_CONVERSION = YES;
				CLANG_WARN_COMMA = YES;
				CLANG_WARN_CONSTANT_CONVERSION = YES;
				CLANG_WARN_DEPRECATED_OBJC_IMPLEMENTATIONS = YES;
				CLANG_WARN_DIRECT_OBJC_ISA_USAGE = YES_ERROR;
				CLANG_WARN_DOCUMENTATION_COMMENTS = YES;
				CLANG_WARN_EMPTY_BODY = YES;
				CLANG_WARN_ENUM_CONVERSION = YES;
				CLANG_WARN_INFINITE_RECURSION = YES;
				CLANG_WARN_INT_CONVERSION = YES;
				CLANG_WARN_NON_LITERAL_NULL_CONVERSION = YES;
				CLANG_WARN_OBJC_IMPLICIT_RETAIN_SELF = YES;
				CLANG_WARN_OBJC_LITERAL_CONVERSION = YES;
				CLANG_WARN_OBJC_ROOT_CLASS = YES_ERROR;
				CLANG_WARN_QUOTED_INCLUDE_IN_FRAMEWORK_HEADER = YES;
				CLANG_WARN_RANGE_LOOP_ANALYSIS = YES;
				CLANG_WARN_STRICT_PROTOTYPES = YES;
				CLANG_WARN_SUSPICIOUS_MOVE = YES;
				CLANG_WARN_UNGUARDED_AVAILABILITY = YES_AGGRESSIVE;
				CLANG_WARN_UNREACHABLE_CODE = YES;
				CLANG_WARN__DUPLICATE_METHOD_MATCH = YES;
				COPY_PHASE_STRIP = NO;
				DEBUG_INFORMATION_FORMAT = dwarf;
				ENABLE_STRICT_OBJC_MSGSEND = YES;
				ENABLE_TESTABILITY = YES;
				ENABLE_USER_SCRIPT_SANDBOXING = YES;
				GCC_C_LANGUAGE_STANDARD = gnu17;
				GCC_DYNAMIC_NO_PIC = NO;
				GCC_NO_COMMON_BLOCKS = YES;
				GCC_OPTIMIZATION_LEVEL = 0;
				GCC_PREPROCESSOR_DEFINITIONS = (
					"DEBUG=1",
					"$(inherited)",
				);
				GCC_WARN_64_TO_32_BIT_CONVERSION = YES;
				GCC_WARN_ABOUT_RETURN_TYPE = YES_ERROR;
				GCC_WARN_UNDECLARED_SELECTOR = YES;
				GCC_WARN_UNINITIALIZED_AUTOS = YES_AGGRESSIVE;
				GCC_WARN_UNUSED_FUNCTION = YES;
				GCC_WARN_UNUSED_VARIABLE = YES;
				IPHONEOS_DEPLOYMENT_TARGET = 18.2;
				LOCALIZATION_PREFERS_STRING_CATALOGS = YES;
				MTL_ENABLE_DEBUG_INFO = INCLUDE_SOURCE;
				MTL_FAST_MATH = YES;
				ONLY_ACTIVE_ARCH = YES;
				SDKROOT = iphoneos;
				SWIFT_ACTIVE_COMPILATION_CONDITIONS = "DEBUG $(inherited)";
				SWIFT_OPTIMIZATION_LEVEL = "-Onone";
			};
			name = Debug;
		};
		C81509582D40CF73009F5603 /* Release */ = {
			isa = XCBuildConfiguration;
			buildSettings = {
				ALWAYS_SEARCH_USER_PATHS = NO;
				ASSETCATALOG_COMPILER_GENERATE_SWIFT_ASSET_SYMBOL_EXTENSIONS = YES;
				CLANG_ANALYZER_NONNULL = YES;
				CLANG_ANALYZER_NUMBER_OBJECT_CONVERSION = YES_AGGRESSIVE;
				CLANG_CXX_LANGUAGE_STANDARD = "gnu++20";
				CLANG_ENABLE_MODULES = YES;
				CLANG_ENABLE_OBJC_ARC = YES;
				CLANG_ENABLE_OBJC_WEAK = YES;
				CLANG_WARN_BLOCK_CAPTURE_AUTORELEASING = YES;
				CLANG_WARN_BOOL_CONVERSION = YES;
				CLANG_WARN_COMMA = YES;
				CLANG_WARN_CONSTANT_CONVERSION = YES;
				CLANG_WARN_DEPRECATED_OBJC_IMPLEMENTATIONS = YES;
				CLANG_WARN_DIRECT_OBJC_ISA_USAGE = YES_ERROR;
				CLANG_WARN_DOCUMENTATION_COMMENTS = YES;
				CLANG_WARN_EMPTY_BODY = YES;
				CLANG_WARN_ENUM_CONVERSION = YES;
				CLANG_WARN_INFINITE_RECURSION = YES;
				CLANG_WARN_INT_CONVERSION = YES;
				CLANG_WARN_NON_LITERAL_NULL_CONVERSION = YES;
				CLANG_WARN_OBJC_IMPLICIT_RETAIN_SELF = YES;
				CLANG_WARN_OBJC_LITERAL_CONVERSION = YES;
				CLANG_WARN_OBJC_ROOT_CLASS = YES_ERROR;
				CLANG_WARN_QUOTED_INCLUDE_IN_FRAMEWORK_HEADER = YES;
				CLANG_WARN_RANGE_LOOP_ANALYSIS = YES;
				CLANG_WARN_STRICT_PROTOTYPES = YES;
				CLANG_WARN_SUSPICIOUS_MOVE = YES;
				CLANG_WARN_UNGUARDED_AVAILABILITY = YES_AGGRESSIVE;
				CLANG_WARN_UNREACHABLE_CODE = YES;
				CLANG_WARN__DUPLICATE_METHOD_MATCH = YES;
				COPY_PHASE_STRIP = NO;
				DEBUG_INFORMATION_FORMAT = "dwarf-with-dsym";
				ENABLE_NS_ASSERTIONS = NO;
				ENABLE_STRICT_OBJC_MSGSEND = YES;
				ENABLE_USER_SCRIPT_SANDBOXING = YES;
				GCC_C_LANGUAGE_STANDARD = gnu17;
				GCC_NO_COMMON_BLOCKS = YES;
				GCC_WARN_64_TO_32_BIT_CONVERSION = YES;
				GCC_WARN_ABOUT_RETURN_TYPE = YES_ERROR;
				GCC_WARN_UNDECLARED_SELECTOR = YES;
				GCC_WARN_UNINITIALIZED_AUTOS = YES_AGGRESSIVE;
				GCC_WARN_UNUSED_FUNCTION = YES;
				GCC_WARN_UNUSED_VARIABLE = YES;
				IPHONEOS_DEPLOYMENT_TARGET = 18.2;
				LOCALIZATION_PREFERS_STRING_CATALOGS = YES;
				MTL_ENABLE_DEBUG_INFO = NO;
				MTL_FAST_MATH = YES;
				SDKROOT = iphoneos;
				SWIFT_COMPILATION_MODE = wholemodule;
				VALIDATE_PRODUCT = YES;
			};
			name = Release;
		};
		C815095A2D40CF73009F5603 /* Debug */ = {
			isa = XCBuildConfiguration;
			buildSettings = {
				ASSETCATALOG_COMPILER_APPICON_NAME = AppIcon;
				ASSETCATALOG_COMPILER_GLOBAL_ACCENT_COLOR_NAME = AccentColor;
				CODE_SIGN_STYLE = Automatic;
				CURRENT_PROJECT_VERSION = 1;
				DEVELOPMENT_ASSET_PATHS = "\"AI_Camera/Preview Content\"";
				DEVELOPMENT_TEAM = 4297XUN7N2;
				ENABLE_PREVIEWS = YES;
				GENERATE_INFOPLIST_FILE = YES;
				INFOPLIST_KEY_NSCameraUsageDescription = "Camera permission required for preview";
				INFOPLIST_KEY_UIApplicationSceneManifest_Generation = YES;
				INFOPLIST_KEY_UIApplicationSupportsIndirectInputEvents = YES;
				INFOPLIST_KEY_UILaunchScreen_Generation = YES;
				INFOPLIST_KEY_UISupportedInterfaceOrientations_iPad = "UIInterfaceOrientationPortrait UIInterfaceOrientationPortraitUpsideDown UIInterfaceOrientationLandscapeLeft UIInterfaceOrientationLandscapeRight";
				INFOPLIST_KEY_UISupportedInterfaceOrientations_iPhone = "UIInterfaceOrientationPortrait UIInterfaceOrientationLandscapeLeft UIInterfaceOrientationLandscapeRight";
				LD_RUNPATH_SEARCH_PATHS = (
					"$(inherited)",
					"@executable_path/Frameworks",
				);
				MARKETING_VERSION = 1.0;
				PRODUCT_BUNDLE_IDENTIFIER = "conan.AI-Camera";
				PRODUCT_NAME = "$(TARGET_NAME)";
				SWIFT_EMIT_LOC_STRINGS = YES;
				SWIFT_VERSION = 5.0;
				TARGETED_DEVICE_FAMILY = "1,2";
			};
			name = Debug;
		};
		C815095B2D40CF73009F5603 /* Release */ = {
			isa = XCBuildConfiguration;
			buildSettings = {
				ASSETCATALOG_COMPILER_APPICON_NAME = AppIcon;
				ASSETCATALOG_COMPILER_GLOBAL_ACCENT_COLOR_NAME = AccentColor;
				CODE_SIGN_STYLE = Automatic;
				CURRENT_PROJECT_VERSION = 1;
				DEVELOPMENT_ASSET_PATHS = "\"AI_Camera/Preview Content\"";
				DEVELOPMENT_TEAM = 4297XUN7N2;
				ENABLE_PREVIEWS = YES;
				GENERATE_INFOPLIST_FILE = YES;
				INFOPLIST_KEY_NSCameraUsageDescription = "Camera permission required for preview";
				INFOPLIST_KEY_UIApplicationSceneManifest_Generation = YES;
				INFOPLIST_KEY_UIApplicationSupportsIndirectInputEvents = YES;
				INFOPLIST_KEY_UILaunchScreen_Generation = YES;
				INFOPLIST_KEY_UISupportedInterfaceOrientations_iPad = "UIInterfaceOrientationPortrait UIInterfaceOrientationPortraitUpsideDown UIInterfaceOrientationLandscapeLeft UIInterfaceOrientationLandscapeRight";
				INFOPLIST_KEY_UISupportedInterfaceOrientations_iPhone = "UIInterfaceOrientationPortrait UIInterfaceOrientationLandscapeLeft UIInterfaceOrientationLandscapeRight";
				LD_RUNPATH_SEARCH_PATHS = (
					"$(inherited)",
					"@executable_path/Frameworks",
				);
				MARKETING_VERSION = 1.0;
				PRODUCT_BUNDLE_IDENTIFIER = "conan.AI-Camera";
				PRODUCT_NAME = "$(TARGET_NAME)";
				SWIFT_EMIT_LOC_STRINGS = YES;
				SWIFT_VERSION = 5.0;
				TARGETED_DEVICE_FAMILY = "1,2";
			};
			name = Release;
		};
		C815095D2D40CF73009F5603 /* Debug */ = {
			isa = XCBuildConfiguration;
			buildSettings = {
				BUNDLE_LOADER = "$(TEST_HOST)";
				CODE_SIGN_STYLE = Automatic;
				CURRENT_PROJECT_VERSION = 1;
				GENERATE_INFOPLIST_FILE = YES;
				IPHONEOS_DEPLOYMENT_TARGET = 18.2;
				MARKETING_VERSION = 1.0;
				PRODUCT_BUNDLE_IDENTIFIER = "conan.AI-CameraTests";
				PRODUCT_NAME = "$(TARGET_NAME)";
				SWIFT_EMIT_LOC_STRINGS = NO;
				SWIFT_VERSION = 5.0;
				TARGETED_DEVICE_FAMILY = "1,2";
				TEST_HOST = "$(BUILT_PRODUCTS_DIR)/AI_Camera.app/$(BUNDLE_EXECUTABLE_FOLDER_PATH)/AI_Camera";
			};
			name = Debug;
		};
		C815095E2D40CF73009F5603 /* Release */ = {
			isa = XCBuildConfiguration;
			buildSettings = {
				BUNDLE_LOADER = "$(TEST_HOST)";
				CODE_SIGN_STYLE = Automatic;
				CURRENT_PROJECT_VERSION = 1;
				GENERATE_INFOPLIST_FILE = YES;
				IPHONEOS_DEPLOYMENT_TARGET = 18.2;
				MARKETING_VERSION = 1.0;
				PRODUCT_BUNDLE_IDENTIFIER = "conan.AI-CameraTests";
				PRODUCT_NAME = "$(TARGET_NAME)";
				SWIFT_EMIT_LOC_STRINGS = NO;
				SWIFT_VERSION = 5.0;
				TARGETED_DEVICE_FAMILY = "1,2";
				TEST_HOST = "$(BUILT_PRODUCTS_DIR)/AI_Camera.app/$(BUNDLE_EXECUTABLE_FOLDER_PATH)/AI_Camera";
			};
			name = Release;
		};
		C81509602D40CF73009F5603 /* Debug */ = {
			isa = XCBuildConfiguration;
			buildSettings = {
				CODE_SIGN_STYLE = Automatic;
				CURRENT_PROJECT_VERSION = 1;
				GENERATE_INFOPLIST_FILE = YES;
				MARKETING_VERSION = 1.0;
				PRODUCT_BUNDLE_IDENTIFIER = "conan.AI-CameraUITests";
				PRODUCT_NAME = "$(TARGET_NAME)";
				SWIFT_EMIT_LOC_STRINGS = NO;
				SWIFT_VERSION = 5.0;
				TARGETED_DEVICE_FAMILY = "1,2";
				TEST_TARGET_NAME = AI_Camera;
			};
			name = Debug;
		};
		C81509612D40CF73009F5603 /* Release */ = {
			isa = XCBuildConfiguration;
			buildSettings = {
				CODE_SIGN_STYLE = Automatic;
				CURRENT_PROJECT_VERSION = 1;
				GENERATE_INFOPLIST_FILE = YES;
				MARKETING_VERSION = 1.0;
				PRODUCT_BUNDLE_IDENTIFIER = "conan.AI-CameraUITests";
				PRODUCT_NAME = "$(TARGET_NAME)";
				SWIFT_EMIT_LOC_STRINGS = NO;
				SWIFT_VERSION = 5.0;
				TARGETED_DEVICE_FAMILY = "1,2";
				TEST_TARGET_NAME = AI_Camera;
			};
			name = Release;
		};
/* End XCBuildConfiguration section */

/* Begin XCConfigurationList section */
		C81509302D40CF72009F5603 /* Build configuration list for PBXProject "AI_Camera" */ = {
			isa = XCConfigurationList;
			buildConfigurations = (
				C81509572D40CF73009F5603 /* Debug */,
				C81509582D40CF73009F5603 /* Release */,
			);
			defaultConfigurationIsVisible = 0;
			defaultConfigurationName = Release;
		};
		C81509592D40CF73009F5603 /* Build configuration list for PBXNativeTarget "AI_Camera" */ = {
			isa = XCConfigurationList;
			buildConfigurations = (
				C815095A2D40CF73009F5603 /* Debug */,
				C815095B2D40CF73009F5603 /* Release */,
			);
			defaultConfigurationIsVisible = 0;
			defaultConfigurationName = Release;
		};
		C815095C2D40CF73009F5603 /* Build configuration list for PBXNativeTarget "AI_CameraTests" */ = {
			isa = XCConfigurationList;
			buildConfigurations = (
				C815095D2D40CF73009F5603 /* Debug */,
				C815095E2D40CF73009F5603 /* Release */,
			);
			defaultConfigurationIsVisible = 0;
			defaultConfigurationName = Release;
		};
		C815095F2D40CF73009F5603 /* Build configuration list for PBXNativeTarget "AI_CameraUITests" */ = {
			isa = XCConfigurationList;
			buildConfigurations = (
				C81509602D40CF73009F5603 /* Debug */,
				C81509612D40CF73009F5603 /* Release */,
			);
			defaultConfigurationIsVisible = 0;
			defaultConfigurationName = Release;
		};
/* End XCConfigurationList section */
	};
	rootObject = C815092D2D40CF72009F5603 /* Project object */;
}
